
Microsoft Visual Studio Solution File, Format Version 12.00
# Visual Studio Version 17
VisualStudioVersion = 17.10.34607.79
MinimumVisualStudioVersion = 10.0.40219.1
Project("{FAE04EC0-301F-11D3-BF4B-00C04F79EFBC}") = "VLDGY0", "VLDGY0\VLDGY0.csproj", "{B6C55F7B-E465-4006-9557-4D9CDA78FD12}"
EndProject
Global
	GlobalSection(SolutionConfigurationPlatforms) = preSolution
		Debug|Any CPU = Debug|Any CPU
		Release|Any CPU = Release|Any CPU
	EndGlobalSection
	GlobalSection(ProjectConfigurationPlatforms) = postSolution
		{B6C55F7B-E465-4006-9557-4D9CDA78FD12}.Debug|Any CPU.ActiveCfg = Debug|Any CPU
		{B6C55F7B-E465-4006-9557-4D9CDA78FD12}.Debug|Any CPU.Build.0 = Debug|Any CPU
		{B6C55F7B-E465-4006-9557-4D9CDA78FD12}.Release|Any CPU.ActiveCfg = Release|Any CPU
		{B6C55F7B-E465-4006-9557-4D9CDA78FD12}.Release|Any CPU.Build.0 = Release|Any CPU
	EndGlobalSection
	GlobalSection(SolutionProperties) = preSolution
		HideSolutionNode = FALSE
	EndGlobalSection
	GlobalSection(ExtensibilityGlobals) = postSolution
		SolutionGuid = {DCA1919F-435A-4B3F-A37E-277861FECACA}
	EndGlobalSection
EndGlobal
